// !$*UTF8*$!
{
	archiveVersion = 1;
	classes = {
	};
	objectVersion = 51;
	objects = {

/* Begin PBXBuildFile section */
		2010855A237D11090091FD2E /* AppDelegate.swift in Sources */ = {isa = PBXBuildFile; fileRef = 20108559237D11090091FD2E /* AppDelegate.swift */; };
		2010855C237D11090091FD2E /* ScanViewController.swift in Sources */ = {isa = PBXBuildFile; fileRef = 2010855B237D11090091FD2E /* ScanViewController.swift */; };
		20108561237D110B0091FD2E /* Assets.xcassets in Resources */ = {isa = PBXBuildFile; fileRef = 20108560237D110B0091FD2E /* Assets.xcassets */; };
		20108564237D110B0091FD2E /* LaunchScreen.storyboard in Resources */ = {isa = PBXBuildFile; fileRef = 20108562237D110B0091FD2E /* LaunchScreen.storyboard */; };
		2021F8262382712500DA02E9 /* ScanViewModel.swift in Sources */ = {isa = PBXBuildFile; fileRef = 2021F8252382712500DA02E9 /* ScanViewModel.swift */; };
		2031A855238273BB007A6E2F /* ScanViewModelTests.swift in Sources */ = {isa = PBXBuildFile; fileRef = 2031A854238273BB007A6E2F /* ScanViewModelTests.swift */; };
		2031A857238273C6007A6E2F /* ScanViewControllerTests.swift in Sources */ = {isa = PBXBuildFile; fileRef = 2031A856238273C6007A6E2F /* ScanViewControllerTests.swift */; };
		2031A85C23827AD1007A6E2F /* PreviewView.swift in Sources */ = {isa = PBXBuildFile; fileRef = 2031A85B23827AD1007A6E2F /* PreviewView.swift */; };
		209CEB6C23865D0900F2B3E9 /* TextRecognizer.swift in Sources */ = {isa = PBXBuildFile; fileRef = 209CEB6B23865D0900F2B3E9 /* TextRecognizer.swift */; };
		209CEB7123865F1D00F2B3E9 /* ScanViewModelsFactory.swift in Sources */ = {isa = PBXBuildFile; fileRef = 209CEB7023865F1D00F2B3E9 /* ScanViewModelsFactory.swift */; };
		209CEB7323865F2600F2B3E9 /* ScanViewControllersFactory.swift in Sources */ = {isa = PBXBuildFile; fileRef = 209CEB7223865F2600F2B3E9 /* ScanViewControllersFactory.swift */; };
		209EBC15238B12780008C5E1 /* UIImage+VisionDetectorImageOrientation.swift in Sources */ = {isa = PBXBuildFile; fileRef = 209EBC14238B12780008C5E1 /* UIImage+VisionDetectorImageOrientation.swift */; };
		209EBC17238B16E00008C5E1 /* GoogleService-Info.plist in Resources */ = {isa = PBXBuildFile; fileRef = 209EBC16238B16E00008C5E1 /* GoogleService-Info.plist */; };
		209EBC19238B65DB0008C5E1 /* CMSampleBuffer+UIImage.swift in Sources */ = {isa = PBXBuildFile; fileRef = 209EBC18238B65DB0008C5E1 /* CMSampleBuffer+UIImage.swift */; };
		209EBC1B238B8A8A0008C5E1 /* PatternDetector.swift in Sources */ = {isa = PBXBuildFile; fileRef = 209EBC1A238B8A8A0008C5E1 /* PatternDetector.swift */; };
		209EBC1E238B8CA80008C5E1 /* VisionTextPatternDetectorResult.swift in Sources */ = {isa = PBXBuildFile; fileRef = 209EBC1D238B8CA80008C5E1 /* VisionTextPatternDetectorResult.swift */; };
		209EBC20238B98A10008C5E1 /* NSRegularExpression.swift in Sources */ = {isa = PBXBuildFile; fileRef = 209EBC1F238B98A10008C5E1 /* NSRegularExpression.swift */; };
		3E7A6E06B44F29689A49796E /* Pods_Text_Recognizer.framework in Frameworks */ = {isa = PBXBuildFile; fileRef = 260F13327DCC2D87D5F31DD5 /* Pods_Text_Recognizer.framework */; };
/* End PBXBuildFile section */

/* Begin PBXContainerItemProxy section */
		2031A84F238273A3007A6E2F /* PBXContainerItemProxy */ = {
			isa = PBXContainerItemProxy;
			containerPortal = 2010854E237D11090091FD2E /* Project object */;
			proxyType = 1;
			remoteGlobalIDString = 20108555237D11090091FD2E;
			remoteInfo = "Text Recognizer";
		};
/* End PBXContainerItemProxy section */

/* Begin PBXFileReference section */
		20108556237D11090091FD2E /* Text Recognizer.app */ = {isa = PBXFileReference; explicitFileType = wrapper.application; includeInIndex = 0; path = "Text Recognizer.app"; sourceTree = BUILT_PRODUCTS_DIR; };
		20108559237D11090091FD2E /* AppDelegate.swift */ = {isa = PBXFileReference; lastKnownFileType = sourcecode.swift; path = AppDelegate.swift; sourceTree = "<group>"; };
		2010855B237D11090091FD2E /* ScanViewController.swift */ = {isa = PBXFileReference; lastKnownFileType = sourcecode.swift; path = ScanViewController.swift; sourceTree = "<group>"; };
		20108560237D110B0091FD2E /* Assets.xcassets */ = {isa = PBXFileReference; lastKnownFileType = folder.assetcatalog; path = Assets.xcassets; sourceTree = "<group>"; };
		20108563237D110B0091FD2E /* Base */ = {isa = PBXFileReference; lastKnownFileType = file.storyboard; name = Base; path = Base.lproj/LaunchScreen.storyboard; sourceTree = "<group>"; };
		20108565237D110B0091FD2E /* Info.plist */ = {isa = PBXFileReference; lastKnownFileType = text.plist.xml; name = Info.plist; path = "Text Recognizer/Info.plist"; sourceTree = "<group>"; };
		2021F8252382712500DA02E9 /* ScanViewModel.swift */ = {isa = PBXFileReference; lastKnownFileType = sourcecode.swift; path = ScanViewModel.swift; sourceTree = "<group>"; };
		2031A84A238273A2007A6E2F /* TextRecognizerTests.xctest */ = {isa = PBXFileReference; explicitFileType = wrapper.cfbundle; includeInIndex = 0; path = TextRecognizerTests.xctest; sourceTree = BUILT_PRODUCTS_DIR; };
		2031A84E238273A3007A6E2F /* Info.plist */ = {isa = PBXFileReference; lastKnownFileType = text.plist.xml; path = Info.plist; sourceTree = "<group>"; };
		2031A854238273BB007A6E2F /* ScanViewModelTests.swift */ = {isa = PBXFileReference; lastKnownFileType = sourcecode.swift; path = ScanViewModelTests.swift; sourceTree = "<group>"; };
		2031A856238273C6007A6E2F /* ScanViewControllerTests.swift */ = {isa = PBXFileReference; lastKnownFileType = sourcecode.swift; path = ScanViewControllerTests.swift; sourceTree = "<group>"; };
		2031A85B23827AD1007A6E2F /* PreviewView.swift */ = {isa = PBXFileReference; lastKnownFileType = sourcecode.swift; path = PreviewView.swift; sourceTree = "<group>"; };
		209CEB6B23865D0900F2B3E9 /* TextRecognizer.swift */ = {isa = PBXFileReference; lastKnownFileType = sourcecode.swift; path = TextRecognizer.swift; sourceTree = "<group>"; };
		209CEB7023865F1D00F2B3E9 /* ScanViewModelsFactory.swift */ = {isa = PBXFileReference; lastKnownFileType = sourcecode.swift; path = ScanViewModelsFactory.swift; sourceTree = "<group>"; };
		209CEB7223865F2600F2B3E9 /* ScanViewControllersFactory.swift */ = {isa = PBXFileReference; lastKnownFileType = sourcecode.swift; path = ScanViewControllersFactory.swift; sourceTree = "<group>"; };
		209EBC14238B12780008C5E1 /* UIImage+VisionDetectorImageOrientation.swift */ = {isa = PBXFileReference; lastKnownFileType = sourcecode.swift; path = "UIImage+VisionDetectorImageOrientation.swift"; sourceTree = "<group>"; };
		209EBC16238B16E00008C5E1 /* GoogleService-Info.plist */ = {isa = PBXFileReference; fileEncoding = 4; lastKnownFileType = text.plist.xml; path = "GoogleService-Info.plist"; sourceTree = "<group>"; };
		209EBC18238B65DB0008C5E1 /* CMSampleBuffer+UIImage.swift */ = {isa = PBXFileReference; lastKnownFileType = sourcecode.swift; path = "CMSampleBuffer+UIImage.swift"; sourceTree = "<group>"; };
		209EBC1A238B8A8A0008C5E1 /* PatternDetector.swift */ = {isa = PBXFileReference; lastKnownFileType = sourcecode.swift; path = PatternDetector.swift; sourceTree = "<group>"; };
		209EBC1D238B8CA80008C5E1 /* VisionTextPatternDetectorResult.swift */ = {isa = PBXFileReference; lastKnownFileType = sourcecode.swift; path = VisionTextPatternDetectorResult.swift; sourceTree = "<group>"; };
		209EBC1F238B98A10008C5E1 /* NSRegularExpression.swift */ = {isa = PBXFileReference; lastKnownFileType = sourcecode.swift; path = NSRegularExpression.swift; sourceTree = "<group>"; };
		25D777FFA1677B4D2859A125 /* Pods-Text Recognizer.release.xcconfig */ = {isa = PBXFileReference; includeInIndex = 1; lastKnownFileType = text.xcconfig; name = "Pods-Text Recognizer.release.xcconfig"; path = "Target Support Files/Pods-Text Recognizer/Pods-Text Recognizer.release.xcconfig"; sourceTree = "<group>"; };
		260F13327DCC2D87D5F31DD5 /* Pods_Text_Recognizer.framework */ = {isa = PBXFileReference; explicitFileType = wrapper.framework; includeInIndex = 0; path = Pods_Text_Recognizer.framework; sourceTree = BUILT_PRODUCTS_DIR; };
		9F87CA9B7577A603CEE83C2E /* Pods-Text Recognizer.debug.xcconfig */ = {isa = PBXFileReference; includeInIndex = 1; lastKnownFileType = text.xcconfig; name = "Pods-Text Recognizer.debug.xcconfig"; path = "Target Support Files/Pods-Text Recognizer/Pods-Text Recognizer.debug.xcconfig"; sourceTree = "<group>"; };
/* End PBXFileReference section */

/* Begin PBXFrameworksBuildPhase section */
		20108553237D11090091FD2E /* Frameworks */ = {
			isa = PBXFrameworksBuildPhase;
			buildActionMask = 2147483647;
			files = (
				3E7A6E06B44F29689A49796E /* Pods_Text_Recognizer.framework in Frameworks */,
			);
			runOnlyForDeploymentPostprocessing = 0;
		};
		2031A847238273A2007A6E2F /* Frameworks */ = {
			isa = PBXFrameworksBuildPhase;
			buildActionMask = 2147483647;
			files = (
			);
			runOnlyForDeploymentPostprocessing = 0;
		};
/* End PBXFrameworksBuildPhase section */

/* Begin PBXGroup section */
		2010854D237D11090091FD2E = {
			isa = PBXGroup;
			children = (
				20108558237D11090091FD2E /* Text Recognizer */,
				20108565237D110B0091FD2E /* Info.plist */,
				209EBC16238B16E00008C5E1 /* GoogleService-Info.plist */,
				2031A84B238273A3007A6E2F /* TextRecognizerTests */,
				2031A84E238273A3007A6E2F /* Info.plist */,
				20108557237D11090091FD2E /* Products */,
				8BF80EDB9ACDF2AF588F8AE3 /* Pods */,
				47D83482A084A78D4DB4DE02 /* Frameworks */,
			);
			sourceTree = "<group>";
		};
		20108557237D11090091FD2E /* Products */ = {
			isa = PBXGroup;
			children = (
				20108556237D11090091FD2E /* Text Recognizer.app */,
				2031A84A238273A2007A6E2F /* TextRecognizerTests.xctest */,
			);
			name = Products;
			sourceTree = "<group>";
		};
		20108558237D11090091FD2E /* Text Recognizer */ = {
			isa = PBXGroup;
			children = (
				20108559237D11090091FD2E /* AppDelegate.swift */,
				209CEB77238781C000F2B3E9 /* ViewControllerFactory */,
				209CEB6F23865F0D00F2B3E9 /* ViewModelFactory */,
				2031A85A23827AC0007A6E2F /* View */,
				2021F8282382713C00DA02E9 /* ViewController */,
				2021F8272382712D00DA02E9 /* ViewModel */,
				209EBC1C238B8C870008C5E1 /* Model */,
				209CEB6A23865CF200F2B3E9 /* Services */,
				209EBC13238B12640008C5E1 /* Extensions */,
				2021F8292382714900DA02E9 /* Supporting files */,
			);
			path = "Text Recognizer";
			sourceTree = "<group>";
		};
		2021F8272382712D00DA02E9 /* ViewModel */ = {
			isa = PBXGroup;
			children = (
				2021F8252382712500DA02E9 /* ScanViewModel.swift */,
			);
			path = ViewModel;
			sourceTree = "<group>";
		};
		2021F8282382713C00DA02E9 /* ViewController */ = {
			isa = PBXGroup;
			children = (
				2010855B237D11090091FD2E /* ScanViewController.swift */,
			);
			path = ViewController;
			sourceTree = "<group>";
		};
		2021F8292382714900DA02E9 /* Supporting files */ = {
			isa = PBXGroup;
			children = (
				20108560237D110B0091FD2E /* Assets.xcassets */,
				20108562237D110B0091FD2E /* LaunchScreen.storyboard */,
			);
			path = "Supporting files";
			sourceTree = "<group>";
		};
		2031A84B238273A3007A6E2F /* TextRecognizerTests */ = {
			isa = PBXGroup;
			children = (
				2031A858238273CD007A6E2F /* ViewController */,
				2031A859238273DB007A6E2F /* ViewModel */,
			);
			path = TextRecognizerTests;
			sourceTree = "<group>";
		};
		2031A858238273CD007A6E2F /* ViewController */ = {
			isa = PBXGroup;
			children = (
				2031A856238273C6007A6E2F /* ScanViewControllerTests.swift */,
			);
			path = ViewController;
			sourceTree = "<group>";
		};
		2031A859238273DB007A6E2F /* ViewModel */ = {
			isa = PBXGroup;
			children = (
				2031A854238273BB007A6E2F /* ScanViewModelTests.swift */,
			);
			path = ViewModel;
			sourceTree = "<group>";
		};
		2031A85A23827AC0007A6E2F /* View */ = {
			isa = PBXGroup;
			children = (
				2031A85B23827AD1007A6E2F /* PreviewView.swift */,
			);
			path = View;
			sourceTree = "<group>";
		};
		209CEB6A23865CF200F2B3E9 /* Services */ = {
			isa = PBXGroup;
			children = (
				209CEB6B23865D0900F2B3E9 /* TextRecognizer.swift */,
				209EBC1A238B8A8A0008C5E1 /* PatternDetector.swift */,
			);
			path = Services;
			sourceTree = "<group>";
		};
		209CEB6F23865F0D00F2B3E9 /* ViewModelFactory */ = {
			isa = PBXGroup;
			children = (
				209CEB7023865F1D00F2B3E9 /* ScanViewModelsFactory.swift */,
			);
			path = ViewModelFactory;
			sourceTree = "<group>";
		};
		209CEB77238781C000F2B3E9 /* ViewControllerFactory */ = {
			isa = PBXGroup;
			children = (
				209CEB7223865F2600F2B3E9 /* ScanViewControllersFactory.swift */,
			);
			path = ViewControllerFactory;
			sourceTree = "<group>";
		};
		209EBC13238B12640008C5E1 /* Extensions */ = {
			isa = PBXGroup;
			children = (
				209EBC18238B65DB0008C5E1 /* CMSampleBuffer+UIImage.swift */,
				209EBC1F238B98A10008C5E1 /* NSRegularExpression.swift */,
				209EBC14238B12780008C5E1 /* UIImage+VisionDetectorImageOrientation.swift */,
			);
			path = Extensions;
			sourceTree = "<group>";
		};
		209EBC1C238B8C870008C5E1 /* Model */ = {
			isa = PBXGroup;
			children = (
				209EBC1D238B8CA80008C5E1 /* VisionTextPatternDetectorResult.swift */,
			);
			path = Model;
			sourceTree = "<group>";
		};
		47D83482A084A78D4DB4DE02 /* Frameworks */ = {
			isa = PBXGroup;
			children = (
				260F13327DCC2D87D5F31DD5 /* Pods_Text_Recognizer.framework */,
			);
			name = Frameworks;
			sourceTree = "<group>";
		};
		8BF80EDB9ACDF2AF588F8AE3 /* Pods */ = {
			isa = PBXGroup;
			children = (
				9F87CA9B7577A603CEE83C2E /* Pods-Text Recognizer.debug.xcconfig */,
				25D777FFA1677B4D2859A125 /* Pods-Text Recognizer.release.xcconfig */,
			);
			path = Pods;
			sourceTree = "<group>";
		};
/* End PBXGroup section */

/* Begin PBXNativeTarget section */
		20108555237D11090091FD2E /* Text Recognizer */ = {
			isa = PBXNativeTarget;
			buildConfigurationList = 20108568237D110B0091FD2E /* Build configuration list for PBXNativeTarget "Text Recognizer" */;
			buildPhases = (
				07DBEB7659D94BD8D250FE5E /* [CP] Check Pods Manifest.lock */,
				20108552237D11090091FD2E /* Sources */,
				20108553237D11090091FD2E /* Frameworks */,
				20108554237D11090091FD2E /* Resources */,
				0ED6BFF3ABCE9C6CD7CA2CD9 /* [CP] Embed Pods Frameworks */,
				3383981A76056E7B55B3000D /* [CP] Copy Pods Resources */,
			);
			buildRules = (
			);
			dependencies = (
			);
			name = "Text Recognizer";
			productName = "Text Recognizer";
			productReference = 20108556237D11090091FD2E /* Text Recognizer.app */;
			productType = "com.apple.product-type.application";
		};
		2031A849238273A2007A6E2F /* TextRecognizerTests */ = {
			isa = PBXNativeTarget;
			buildConfigurationList = 2031A853238273A3007A6E2F /* Build configuration list for PBXNativeTarget "TextRecognizerTests" */;
			buildPhases = (
				2031A846238273A2007A6E2F /* Sources */,
				2031A847238273A2007A6E2F /* Frameworks */,
				2031A848238273A2007A6E2F /* Resources */,
			);
			buildRules = (
			);
			dependencies = (
				2031A850238273A3007A6E2F /* PBXTargetDependency */,
			);
			name = TextRecognizerTests;
			productName = TextRecognizerTests;
			productReference = 2031A84A238273A2007A6E2F /* TextRecognizerTests.xctest */;
			productType = "com.apple.product-type.bundle.unit-test";
		};
/* End PBXNativeTarget section */

/* Begin PBXProject section */
		2010854E237D11090091FD2E /* Project object */ = {
			isa = PBXProject;
			attributes = {
				LastSwiftUpdateCheck = 1020;
				LastUpgradeCheck = 1020;
				ORGANIZATIONNAME = "Darkhonbek Mamataliev";
				TargetAttributes = {
					20108555237D11090091FD2E = {
						CreatedOnToolsVersion = 10.2.1;
					};
					2031A849238273A2007A6E2F = {
						CreatedOnToolsVersion = 10.2.1;
						TestTargetID = 20108555237D11090091FD2E;
					};
				};
			};
			buildConfigurationList = 20108551237D11090091FD2E /* Build configuration list for PBXProject "Text Recognizer" */;
			compatibilityVersion = "Xcode 9.3";
			developmentRegion = en;
			hasScannedForEncodings = 0;
			knownRegions = (
				en,
				Base,
			);
			mainGroup = 2010854D237D11090091FD2E;
			productRefGroup = 20108557237D11090091FD2E /* Products */;
			projectDirPath = "";
			projectRoot = "";
			targets = (
				20108555237D11090091FD2E /* Text Recognizer */,
				2031A849238273A2007A6E2F /* TextRecognizerTests */,
			);
		};
/* End PBXProject section */

/* Begin PBXResourcesBuildPhase section */
		20108554237D11090091FD2E /* Resources */ = {
			isa = PBXResourcesBuildPhase;
			buildActionMask = 2147483647;
			files = (
				20108564237D110B0091FD2E /* LaunchScreen.storyboard in Resources */,
				20108561237D110B0091FD2E /* Assets.xcassets in Resources */,
				209EBC17238B16E00008C5E1 /* GoogleService-Info.plist in Resources */,
			);
			runOnlyForDeploymentPostprocessing = 0;
		};
		2031A848238273A2007A6E2F /* Resources */ = {
			isa = PBXResourcesBuildPhase;
			buildActionMask = 2147483647;
			files = (
			);
			runOnlyForDeploymentPostprocessing = 0;
		};
/* End PBXResourcesBuildPhase section */

/* Begin PBXShellScriptBuildPhase section */
		07DBEB7659D94BD8D250FE5E /* [CP] Check Pods Manifest.lock */ = {
			isa = PBXShellScriptBuildPhase;
			buildActionMask = 2147483647;
			files = (
			);
			inputFileListPaths = (
			);
			inputPaths = (
				"${PODS_PODFILE_DIR_PATH}/Podfile.lock",
				"${PODS_ROOT}/Manifest.lock",
			);
			name = "[CP] Check Pods Manifest.lock";
			outputFileListPaths = (
			);
			outputPaths = (
				"$(DERIVED_FILE_DIR)/Pods-Text Recognizer-checkManifestLockResult.txt",
			);
			runOnlyForDeploymentPostprocessing = 0;
			shellPath = /bin/sh;
			shellScript = "diff \"${PODS_PODFILE_DIR_PATH}/Podfile.lock\" \"${PODS_ROOT}/Manifest.lock\" > /dev/null\nif [ $? != 0 ] ; then\n    # print error to STDERR\n    echo \"error: The sandbox is not in sync with the Podfile.lock. Run 'pod install' or update your CocoaPods installation.\" >&2\n    exit 1\nfi\n# This output is used by Xcode 'outputs' to avoid re-running this script phase.\necho \"SUCCESS\" > \"${SCRIPT_OUTPUT_FILE_0}\"\n";
			showEnvVarsInLog = 0;
		};
		0ED6BFF3ABCE9C6CD7CA2CD9 /* [CP] Embed Pods Frameworks */ = {
			isa = PBXShellScriptBuildPhase;
			buildActionMask = 2147483647;
			files = (
			);
			inputFileListPaths = (
				"${PODS_ROOT}/Target Support Files/Pods-Text Recognizer/Pods-Text Recognizer-frameworks-${CONFIGURATION}-input-files.xcfilelist",
			);
			name = "[CP] Embed Pods Frameworks";
			outputFileListPaths = (
				"${PODS_ROOT}/Target Support Files/Pods-Text Recognizer/Pods-Text Recognizer-frameworks-${CONFIGURATION}-output-files.xcfilelist",
			);
			runOnlyForDeploymentPostprocessing = 0;
			shellPath = /bin/sh;
			shellScript = "\"${PODS_ROOT}/Target Support Files/Pods-Text Recognizer/Pods-Text Recognizer-frameworks.sh\"\n";
			showEnvVarsInLog = 0;
		};
		3383981A76056E7B55B3000D /* [CP] Copy Pods Resources */ = {
			isa = PBXShellScriptBuildPhase;
			buildActionMask = 2147483647;
			files = (
			);
			inputFileListPaths = (
				"${PODS_ROOT}/Target Support Files/Pods-Text Recognizer/Pods-Text Recognizer-resources-${CONFIGURATION}-input-files.xcfilelist",
			);
			name = "[CP] Copy Pods Resources";
			outputFileListPaths = (
				"${PODS_ROOT}/Target Support Files/Pods-Text Recognizer/Pods-Text Recognizer-resources-${CONFIGURATION}-output-files.xcfilelist",
			);
			runOnlyForDeploymentPostprocessing = 0;
			shellPath = /bin/sh;
			shellScript = "\"${PODS_ROOT}/Target Support Files/Pods-Text Recognizer/Pods-Text Recognizer-resources.sh\"\n";
			showEnvVarsInLog = 0;
		};
/* End PBXShellScriptBuildPhase section */

/* Begin PBXSourcesBuildPhase section */
		20108552237D11090091FD2E /* Sources */ = {
			isa = PBXSourcesBuildPhase;
			buildActionMask = 2147483647;
			files = (
				209EBC1E238B8CA80008C5E1 /* VisionTextPatternDetectorResult.swift in Sources */,
				2010855C237D11090091FD2E /* ScanViewController.swift in Sources */,
				209EBC19238B65DB0008C5E1 /* CMSampleBuffer+UIImage.swift in Sources */,
				209EBC20238B98A10008C5E1 /* NSRegularExpression.swift in Sources */,
				209EBC1B238B8A8A0008C5E1 /* PatternDetector.swift in Sources */,
				2031A85C23827AD1007A6E2F /* PreviewView.swift in Sources */,
				2021F8262382712500DA02E9 /* ScanViewModel.swift in Sources */,
				2010855A237D11090091FD2E /* AppDelegate.swift in Sources */,
				209EBC15238B12780008C5E1 /* UIImage+VisionDetectorImageOrientation.swift in Sources */,
				209CEB7323865F2600F2B3E9 /* ScanViewControllersFactory.swift in Sources */,
				209CEB6C23865D0900F2B3E9 /* TextRecognizer.swift in Sources */,
				209CEB7123865F1D00F2B3E9 /* ScanViewModelsFactory.swift in Sources */,
			);
			runOnlyForDeploymentPostprocessing = 0;
		};
		2031A846238273A2007A6E2F /* Sources */ = {
			isa = PBXSourcesBuildPhase;
			buildActionMask = 2147483647;
			files = (
				2031A857238273C6007A6E2F /* ScanViewControllerTests.swift in Sources */,
				2031A855238273BB007A6E2F /* ScanViewModelTests.swift in Sources */,
			);
			runOnlyForDeploymentPostprocessing = 0;
		};
/* End PBXSourcesBuildPhase section */

/* Begin PBXTargetDependency section */
		2031A850238273A3007A6E2F /* PBXTargetDependency */ = {
			isa = PBXTargetDependency;
			target = 20108555237D11090091FD2E /* Text Recognizer */;
			targetProxy = 2031A84F238273A3007A6E2F /* PBXContainerItemProxy */;
		};
/* End PBXTargetDependency section */

/* Begin PBXVariantGroup section */
		20108562237D110B0091FD2E /* LaunchScreen.storyboard */ = {
			isa = PBXVariantGroup;
			children = (
				20108563237D110B0091FD2E /* Base */,
			);
			name = LaunchScreen.storyboard;
			sourceTree = "<group>";
		};
/* End PBXVariantGroup section */

/* Begin XCBuildConfiguration section */
		20108566237D110B0091FD2E /* Debug */ = {
			isa = XCBuildConfiguration;
			buildSettings = {
				ALWAYS_SEARCH_USER_PATHS = NO;
				CLANG_ANALYZER_NONNULL = YES;
				CLANG_ANALYZER_NUMBER_OBJECT_CONVERSION = YES_AGGRESSIVE;
				CLANG_CXX_LANGUAGE_STANDARD = "gnu++14";
				CLANG_CXX_LIBRARY = "libc++";
				CLANG_ENABLE_MODULES = YES;
				CLANG_ENABLE_OBJC_ARC = YES;
				CLANG_ENABLE_OBJC_WEAK = YES;
				CLANG_WARN_BLOCK_CAPTURE_AUTORELEASING = YES;
				CLANG_WARN_BOOL_CONVERSION = YES;
				CLANG_WARN_COMMA = YES;
				CLANG_WARN_CONSTANT_CONVERSION = YES;
				CLANG_WARN_DEPRECATED_OBJC_IMPLEMENTATIONS = YES;
				CLANG_WARN_DIRECT_OBJC_ISA_USAGE = YES_ERROR;
				CLANG_WARN_DOCUMENTATION_COMMENTS = YES;
				CLANG_WARN_EMPTY_BODY = YES;
				CLANG_WARN_ENUM_CONVERSION = YES;
				CLANG_WARN_INFINITE_RECURSION = YES;
				CLANG_WARN_INT_CONVERSION = YES;
				CLANG_WARN_NON_LITERAL_NULL_CONVERSION = YES;
				CLANG_WARN_OBJC_IMPLICIT_RETAIN_SELF = YES;
				CLANG_WARN_OBJC_LITERAL_CONVERSION = YES;
				CLANG_WARN_OBJC_ROOT_CLASS = YES_ERROR;
				CLANG_WARN_RANGE_LOOP_ANALYSIS = YES;
				CLANG_WARN_STRICT_PROTOTYPES = YES;
				CLANG_WARN_SUSPICIOUS_MOVE = YES;
				CLANG_WARN_UNGUARDED_AVAILABILITY = YES_AGGRESSIVE;
				CLANG_WARN_UNREACHABLE_CODE = YES;
				CLANG_WARN__DUPLICATE_METHOD_MATCH = YES;
				CODE_SIGN_IDENTITY = "iPhone Developer";
				COPY_PHASE_STRIP = NO;
				DEBUG_INFORMATION_FORMAT = dwarf;
				ENABLE_STRICT_OBJC_MSGSEND = YES;
				ENABLE_TESTABILITY = YES;
				GCC_C_LANGUAGE_STANDARD = gnu11;
				GCC_DYNAMIC_NO_PIC = NO;
				GCC_NO_COMMON_BLOCKS = YES;
				GCC_OPTIMIZATION_LEVEL = 0;
				GCC_PREPROCESSOR_DEFINITIONS = (
					"DEBUG=1",
					"$(inherited)",
				);
				GCC_WARN_64_TO_32_BIT_CONVERSION = YES;
				GCC_WARN_ABOUT_RETURN_TYPE = YES_ERROR;
				GCC_WARN_UNDECLARED_SELECTOR = YES;
				GCC_WARN_UNINITIALIZED_AUTOS = YES_AGGRESSIVE;
				GCC_WARN_UNUSED_FUNCTION = YES;
				GCC_WARN_UNUSED_VARIABLE = YES;
				IPHONEOS_DEPLOYMENT_TARGET = 12.2;
				MTL_ENABLE_DEBUG_INFO = INCLUDE_SOURCE;
				MTL_FAST_MATH = YES;
				ONLY_ACTIVE_ARCH = YES;
				SDKROOT = iphoneos;
				SWIFT_ACTIVE_COMPILATION_CONDITIONS = DEBUG;
				SWIFT_OPTIMIZATION_LEVEL = "-Onone";
			};
			name = Debug;
		};
		20108567237D110B0091FD2E /* Release */ = {
			isa = XCBuildConfiguration;
			buildSettings = {
				ALWAYS_SEARCH_USER_PATHS = NO;
				CLANG_ANALYZER_NONNULL = YES;
				CLANG_ANALYZER_NUMBER_OBJECT_CONVERSION = YES_AGGRESSIVE;
				CLANG_CXX_LANGUAGE_STANDARD = "gnu++14";
				CLANG_CXX_LIBRARY = "libc++";
				CLANG_ENABLE_MODULES = YES;
				CLANG_ENABLE_OBJC_ARC = YES;
				CLANG_ENABLE_OBJC_WEAK = YES;
				CLANG_WARN_BLOCK_CAPTURE_AUTORELEASING = YES;
				CLANG_WARN_BOOL_CONVERSION = YES;
				CLANG_WARN_COMMA = YES;
				CLANG_WARN_CONSTANT_CONVERSION = YES;
				CLANG_WARN_DEPRECATED_OBJC_IMPLEMENTATIONS = YES;
				CLANG_WARN_DIRECT_OBJC_ISA_USAGE = YES_ERROR;
				CLANG_WARN_DOCUMENTATION_COMMENTS = YES;
				CLANG_WARN_EMPTY_BODY = YES;
				CLANG_WARN_ENUM_CONVERSION = YES;
				CLANG_WARN_INFINITE_RECURSION = YES;
				CLANG_WARN_INT_CONVERSION = YES;
				CLANG_WARN_NON_LITERAL_NULL_CONVERSION = YES;
				CLANG_WARN_OBJC_IMPLICIT_RETAIN_SELF = YES;
				CLANG_WARN_OBJC_LITERAL_CONVERSION = YES;
				CLANG_WARN_OBJC_ROOT_CLASS = YES_ERROR;
				CLANG_WARN_RANGE_LOOP_ANALYSIS = YES;
				CLANG_WARN_STRICT_PROTOTYPES = YES;
				CLANG_WARN_SUSPICIOUS_MOVE = YES;
				CLANG_WARN_UNGUARDED_AVAILABILITY = YES_AGGRESSIVE;
				CLANG_WARN_UNREACHABLE_CODE = YES;
				CLANG_WARN__DUPLICATE_METHOD_MATCH = YES;
				CODE_SIGN_IDENTITY = "iPhone Developer";
				COPY_PHASE_STRIP = NO;
				DEBUG_INFORMATION_FORMAT = "dwarf-with-dsym";
				ENABLE_NS_ASSERTIONS = NO;
				ENABLE_STRICT_OBJC_MSGSEND = YES;
				GCC_C_LANGUAGE_STANDARD = gnu11;
				GCC_NO_COMMON_BLOCKS = YES;
				GCC_WARN_64_TO_32_BIT_CONVERSION = YES;
				GCC_WARN_ABOUT_RETURN_TYPE = YES_ERROR;
				GCC_WARN_UNDECLARED_SELECTOR = YES;
				GCC_WARN_UNINITIALIZED_AUTOS = YES_AGGRESSIVE;
				GCC_WARN_UNUSED_FUNCTION = YES;
				GCC_WARN_UNUSED_VARIABLE = YES;
				IPHONEOS_DEPLOYMENT_TARGET = 12.2;
				MTL_ENABLE_DEBUG_INFO = NO;
				MTL_FAST_MATH = YES;
				SDKROOT = iphoneos;
				SWIFT_COMPILATION_MODE = wholemodule;
				SWIFT_OPTIMIZATION_LEVEL = "-O";
				VALIDATE_PRODUCT = YES;
			};
			name = Release;
		};
		20108569237D110B0091FD2E /* Debug */ = {
			isa = XCBuildConfiguration;
			baseConfigurationReference = 9F87CA9B7577A603CEE83C2E /* Pods-Text Recognizer.debug.xcconfig */;
			buildSettings = {
				ASSETCATALOG_COMPILER_APPICON_NAME = AppIcon;
				CODE_SIGN_STYLE = Automatic;
				DEVELOPMENT_TEAM = TALWF53E28;
				INFOPLIST_FILE = "Text Recognizer/Info.plist";
				LD_RUNPATH_SEARCH_PATHS = (
					"$(inherited)",
					"@executable_path/Frameworks",
				);
				PRODUCT_BUNDLE_IDENTIFIER = "darkhonbek.Text-Recognizer";
				PRODUCT_NAME = "$(TARGET_NAME)";
				SWIFT_VERSION = 5.0;
				TARGETED_DEVICE_FAMILY = "1,2";
			};
			name = Debug;
		};
		2010856A237D110B0091FD2E /* Release */ = {
			isa = XCBuildConfiguration;
			baseConfigurationReference = 25D777FFA1677B4D2859A125 /* Pods-Text Recognizer.release.xcconfig */;
			buildSettings = {
				ASSETCATALOG_COMPILER_APPICON_NAME = AppIcon;
				CODE_SIGN_STYLE = Automatic;
				DEVELOPMENT_TEAM = TALWF53E28;
				INFOPLIST_FILE = "Text Recognizer/Info.plist";
				LD_RUNPATH_SEARCH_PATHS = (
					"$(inherited)",
					"@executable_path/Frameworks",
				);
				PRODUCT_BUNDLE_IDENTIFIER = "darkhonbek.Text-Recognizer";
				PRODUCT_NAME = "$(TARGET_NAME)";
				SWIFT_VERSION = 5.0;
				TARGETED_DEVICE_FAMILY = "1,2";
			};
			name = Release;
		};
		2031A851238273A3007A6E2F /* Debug */ = {
			isa = XCBuildConfiguration;
			buildSettings = {
				BUNDLE_LOADER = "$(TEST_HOST)";
				CODE_SIGN_STYLE = Automatic;
				DEVELOPMENT_TEAM = TALWF53E28;
				INFOPLIST_FILE = TextRecognizerTests/Info.plist;
				LD_RUNPATH_SEARCH_PATHS = (
					"$(inherited)",
					"@executable_path/Frameworks",
					"@loader_path/Frameworks",
				);
				PRODUCT_BUNDLE_IDENTIFIER = darkhonbek.TextRecognizerTests;
				PRODUCT_NAME = "$(TARGET_NAME)";
				SWIFT_VERSION = 5.0;
				TARGETED_DEVICE_FAMILY = "1,2";
				TEST_HOST = "$(BUILT_PRODUCTS_DIR)/Text Recognizer.app/Text Recognizer";
			};
			name = Debug;
		};
		2031A852238273A3007A6E2F /* Release */ = {
			isa = XCBuildConfiguration;
			buildSettings = {
				BUNDLE_LOADER = "$(TEST_HOST)";
				CODE_SIGN_STYLE = Automatic;
				DEVELOPMENT_TEAM = TALWF53E28;
				INFOPLIST_FILE = TextRecognizerTests/Info.plist;
				LD_RUNPATH_SEARCH_PATHS = (
					"$(inherited)",
					"@executable_path/Frameworks",
					"@loader_path/Frameworks",
				);
				PRODUCT_BUNDLE_IDENTIFIER = darkhonbek.TextRecognizerTests;
				PRODUCT_NAME = "$(TARGET_NAME)";
				SWIFT_VERSION = 5.0;
				TARGETED_DEVICE_FAMILY = "1,2";
				TEST_HOST = "$(BUILT_PRODUCTS_DIR)/Text Recognizer.app/Text Recognizer";
			};
			name = Release;
		};
/* End XCBuildConfiguration section */

/* Begin XCConfigurationList section */
		20108551237D11090091FD2E /* Build configuration list for PBXProject "Text Recognizer" */ = {
			isa = XCConfigurationList;
			buildConfigurations = (
				20108566237D110B0091FD2E /* Debug */,
				20108567237D110B0091FD2E /* Release */,
			);
			defaultConfigurationIsVisible = 0;
			defaultConfigurationName = Release;
		};
		20108568237D110B0091FD2E /* Build configuration list for PBXNativeTarget "Text Recognizer" */ = {
			isa = XCConfigurationList;
			buildConfigurations = (
				20108569237D110B0091FD2E /* Debug */,
				2010856A237D110B0091FD2E /* Release */,
			);
			defaultConfigurationIsVisible = 0;
			defaultConfigurationName = Release;
		};
		2031A853238273A3007A6E2F /* Build configuration list for PBXNativeTarget "TextRecognizerTests" */ = {
			isa = XCConfigurationList;
			buildConfigurations = (
				2031A851238273A3007A6E2F /* Debug */,
				2031A852238273A3007A6E2F /* Release */,
			);
			defaultConfigurationIsVisible = 0;
			defaultConfigurationName = Release;
		};
/* End XCConfigurationList section */
	};
	rootObject = 2010854E237D11090091FD2E /* Project object */;
}
